{
    "_readme": [
        "This file locks the dependencies of your project to a known state",
        "Read more about it at https://getcomposer.org/doc/01-basic-usage.md#installing-dependencies",
        "This file is @generated automatically"
    ],
    "content-hash": "b41788801451114d1e0f0bf4c323d012",
    "packages": [
        {
            "name": "dejan7/httpquest",
            "version": "0.3.0",
            "source": {
                "type": "git",
                "url": "https://github.com/dejan7/HTTPQuest.git",
                "reference": "4566aa4f1835026508f73132c4899ba62da206e1"
            },
            "dist": {
                "type": "zip",
                "url": "https://api.github.com/repos/dejan7/HTTPQuest/zipball/4566aa4f1835026508f73132c4899ba62da206e1",
                "reference": "4566aa4f1835026508f73132c4899ba62da206e1",
                "shasum": ""
            },
            "require": {
                "php": ">=5.6.0"
            },
            "require-dev": {
                "phpunit/phpunit": "5.5.*"
            },
            "type": "library",
            "autoload": {
                "psr-4": {
                    "HTTPQuest\\": "src/"
                }
            },
            "notification-url": "https://packagist.org/downloads/",
            "authors": [
                {
                    "name": "dejan7",
                    "email": "dejanstosic7@gmail.com"
                }
            ],
            "description": "PHP polyfill for HTTP request parsing",
            "keywords": [
                "http",
                "patch",
                "put",
                "request",
                "rest"
            ],
            "support": {
                "issues": "https://github.com/dejan7/HTTPQuest/issues",
                "source": "https://github.com/dejan7/HTTPQuest/tree/master"
            },
            "time": "2016-09-20T13:55:31+00:00"
        },
        {
            "name": "doctrine/lexer",
            "version": "1.3.x-dev",
            "source": {
                "type": "git",
                "url": "https://github.com/doctrine/lexer.git",
                "reference": "59bfb3b9be04237be4cd1afea9bbb58794c25ce8"
            },
            "dist": {
                "type": "zip",
                "url": "https://api.github.com/repos/doctrine/lexer/zipball/59bfb3b9be04237be4cd1afea9bbb58794c25ce8",
                "reference": "59bfb3b9be04237be4cd1afea9bbb58794c25ce8",
                "shasum": ""
            },
            "require": {
                "php": "^7.2 || ^8.0"
            },
            "require-dev": {
                "doctrine/coding-standard": "^8.0",
                "phpstan/phpstan": "^0.12",
                "phpunit/phpunit": "^8.2 || ^9.4"
            },
            "type": "library",
            "autoload": {
                "psr-4": {
                    "Doctrine\\Common\\Lexer\\": "lib/Doctrine/Common/Lexer"
                }
            },
            "notification-url": "https://packagist.org/downloads/",
            "license": [
                "MIT"
            ],
            "authors": [
                {
                    "name": "Guilherme Blanco",
                    "email": "guilhermeblanco@gmail.com"
                },
                {
                    "name": "Roman Borschel",
                    "email": "roman@code-factory.org"
                },
                {
                    "name": "Johannes Schmitt",
                    "email": "schmittjoh@gmail.com"
                }
            ],
            "description": "PHP Doctrine Lexer parser library that can be used in Top-Down, Recursive Descent Parsers.",
            "homepage": "https://www.doctrine-project.org/projects/lexer.html",
            "keywords": [
                "annotations",
                "docblock",
                "lexer",
                "parser",
                "php"
            ],
            "support": {
                "issues": "https://github.com/doctrine/lexer/issues",
                "source": "https://github.com/doctrine/lexer/tree/1.3.x"
            },
            "funding": [
                {
                    "url": "https://www.doctrine-project.org/sponsorship.html",
                    "type": "custom"
                },
                {
                    "url": "https://www.patreon.com/phpdoctrine",
                    "type": "patreon"
                },
                {
                    "url": "https://tidelift.com/funding/github/packagist/doctrine%2Flexer",
                    "type": "tidelift"
                }
            ],
            "time": "2021-01-20T07:15:06+00:00"
        },
        {
            "name": "egulias/email-validator",
            "version": "3.x-dev",
            "source": {
                "type": "git",
                "url": "https://github.com/egulias/EmailValidator.git",
                "reference": "c81f18a3efb941d8c4d2e025f6183b5c6d697307"
            },
            "dist": {
                "type": "zip",
                "url": "https://api.github.com/repos/egulias/EmailValidator/zipball/c81f18a3efb941d8c4d2e025f6183b5c6d697307",
                "reference": "c81f18a3efb941d8c4d2e025f6183b5c6d697307",
                "shasum": ""
            },
            "require": {
                "doctrine/lexer": "^1.2",
                "php": ">=7.2",
                "symfony/polyfill-intl-idn": "^1.15"
            },
            "require-dev": {
                "php-coveralls/php-coveralls": "^2.2",
                "phpunit/phpunit": "^8.5.8|^9.3.3",
                "vimeo/psalm": "^4"
            },
            "suggest": {
                "ext-intl": "PHP Internationalization Libraries are required to use the SpoofChecking validation"
            },
            "default-branch": true,
            "type": "library",
            "extra": {
                "branch-alias": {
                    "dev-master": "3.0.x-dev"
                }
            },
            "autoload": {
                "psr-4": {
                    "Egulias\\EmailValidator\\": "src"
                }
            },
            "notification-url": "https://packagist.org/downloads/",
            "license": [
                "MIT"
            ],
            "authors": [
                {
                    "name": "Eduardo Gulias Davis"
                }
            ],
            "description": "A library for validating emails against several RFCs",
            "homepage": "https://github.com/egulias/EmailValidator",
            "keywords": [
                "email",
                "emailvalidation",
                "emailvalidator",
                "validation",
                "validator"
            ],
            "support": {
                "issues": "https://github.com/egulias/EmailValidator/issues",
                "source": "https://github.com/egulias/EmailValidator/tree/3.1.1"
            },
            "funding": [
                {
                    "url": "https://github.com/egulias",
                    "type": "github"
                }
            ],
            "time": "2021-04-01T18:37:14+00:00"
        },
        {
            "name": "erusev/parsedown",
            "version": "1.7.1",
            "source": {
                "type": "git",
                "url": "https://github.com/erusev/parsedown.git",
                "reference": "92e9c27ba0e74b8b028b111d1b6f956a15c01fc1"
            },
            "dist": {
                "type": "zip",
                "url": "https://api.github.com/repos/erusev/parsedown/zipball/92e9c27ba0e74b8b028b111d1b6f956a15c01fc1",
                "reference": "92e9c27ba0e74b8b028b111d1b6f956a15c01fc1",
                "shasum": ""
            },
            "require": {
                "ext-mbstring": "*",
                "php": ">=5.3.0"
            },
            "require-dev": {
                "phpunit/phpunit": "^4.8.35"
            },
            "type": "library",
            "autoload": {
                "psr-0": {
                    "Parsedown": ""
                }
            },
            "notification-url": "https://packagist.org/downloads/",
            "license": [
                "MIT"
            ],
            "authors": [
                {
                    "name": "Emanuil Rusev",
                    "email": "hello@erusev.com",
                    "homepage": "http://erusev.com"
                }
            ],
            "description": "Parser for Markdown.",
            "homepage": "http://parsedown.org",
            "keywords": [
                "markdown",
                "parser"
            ],
            "support": {
                "issues": "https://github.com/erusev/parsedown/issues",
                "source": "https://github.com/erusev/parsedown/tree/master"
            },
            "time": "2018-03-08T01:11:30+00:00"
        },
        {
            "name": "inceptphp/framework",
            "version": "0.1.x-dev",
            "source": {
                "type": "git",
                "url": "https://github.com/inceptphp/framework.git",
                "reference": "d8afc0ae8198424ae2162b7d96013b25ec9540c9"
            },
            "dist": {
                "type": "zip",
                "url": "https://api.github.com/repos/inceptphp/framework/zipball/d8afc0ae8198424ae2162b7d96013b25ec9540c9",
                "reference": "d8afc0ae8198424ae2162b7d96013b25ec9540c9",
                "shasum": ""
            },
            "require": {
                "phpugph/components": "~1.0.0",
                "phpugph/handlebars": "~1.0.0"
            },
            "require-dev": {
                "php-coveralls/php-coveralls": "~2.4.3",
                "phpunit/phpunit": "~9.5.4",
                "squizlabs/php_codesniffer": "~3.5.8"
            },
            "bin": [
                "bin/incept"
            ],
            "type": "library",
            "autoload": {
                "psr-4": {
                    "Incept\\Framework\\": "src/"
                }
            },
            "notification-url": "https://packagist.org/downloads/",
            "license": [
                "LGPL-2.1-or-later"
            ],
            "description": "Incept Framework Core Library",
            "keywords": [
                "framework"
            ],
            "support": {
                "source": "https://github.com/inceptphp/framework/tree/0.1"
            },
            "time": "2021-05-15T10:52:18+00:00"
        },
        {
            "name": "inceptphp/packages",
            "version": "0.1.x-dev",
            "source": {
                "type": "git",
                "url": "https://github.com/inceptphp/packages.git",
                "reference": "52fbe3534401fbaf0e5c9a293612d609a34dbebc"
            },
            "dist": {
                "type": "zip",
                "url": "https://api.github.com/repos/inceptphp/packages/zipball/52fbe3534401fbaf0e5c9a293612d609a34dbebc",
                "reference": "52fbe3534401fbaf0e5c9a293612d609a34dbebc",
                "shasum": ""
            },
            "require": {
                "dejan7/httpquest": "~0.3.0",
                "erusev/parsedown": "1.7.1",
                "inceptphp/framework": "~0.1.0",
                "phpugph/storm": "~1.0.0",
                "robthree/twofactorauth": "~1.8.0",
                "swiftmailer/swiftmailer": "~6.2.7"
            },
            "require-dev": {
                "php-coveralls/php-coveralls": "~2.4.3",
                "phpunit/phpunit": "~9.5.4",
                "squizlabs/php_codesniffer": "~3.5.8"
            },
            "type": "incept-package",
            "autoload": {
                "psr-4": {
                    "Incept\\Package\\": "/"
                }
            },
            "notification-url": "https://packagist.org/downloads/",
            "license": [
                "LGPL-2.1-or-later"
            ],
            "description": "Schema, Relations, Object manager",
            "support": {
                "issues": "https://github.com/inceptphp/packages/issues",
                "source": "https://github.com/inceptphp/packages/tree/0.1"
            },
            "time": "2021-05-15T17:28:34+00:00"
        },
        {
            "name": "phpugph/components",
            "version": "1.0.x-dev",
            "source": {
                "type": "git",
                "url": "https://github.com/phpugph/components.git",
                "reference": "aaad5509179e6344d56170a65c82c15244ef5b11"
            },
            "dist": {
                "type": "zip",
                "url": "https://api.github.com/repos/phpugph/components/zipball/aaad5509179e6344d56170a65c82c15244ef5b11",
                "reference": "aaad5509179e6344d56170a65c82c15244ef5b11",
                "shasum": ""
            },
            "require": {
                "php": ">=8.0"
            },
            "require-dev": {
                "php-coveralls/php-coveralls": "~2.4.3",
                "phpunit/phpunit": "~9.5.4",
                "squizlabs/php_codesniffer": "~3.5.8"
            },
            "type": "library",
            "autoload": {
                "psr-4": {
                    "UGComponents\\": "src/"
                }
            },
            "notification-url": "https://packagist.org/downloads/",
            "license": [
                "MIT"
            ],
            "description": "Common PHP8 Patterns and Constructs",
            "keywords": [
                "library",
                "php80"
            ],
            "support": {
                "issues": "https://github.com/phpugph/components/issues",
                "source": "https://github.com/phpugph/components/tree/1.0"
            },
            "time": "2021-05-09T06:49:25+00:00"
        },
        {
            "name": "phpugph/handlebars",
            "version": "1.0.x-dev",
            "source": {
                "type": "git",
                "url": "https://github.com/phpugph/handlebars.git",
                "reference": "47af08975128cf0102f333c9770b5b69bc745ecc"
            },
            "dist": {
                "type": "zip",
                "url": "https://api.github.com/repos/phpugph/handlebars/zipball/47af08975128cf0102f333c9770b5b69bc745ecc",
                "reference": "47af08975128cf0102f333c9770b5b69bc745ecc",
                "shasum": ""
            },
            "require": {
                "phpugph/components": "~1.0.0"
            },
            "require-dev": {
                "php-coveralls/php-coveralls": "~2.4.3",
                "phpunit/phpunit": "~9.5.4",
                "squizlabs/php_codesniffer": "~3.5.8"
            },
            "type": "library",
            "autoload": {
                "psr-4": {
                    "Handlebars\\": "src/"
                }
            },
            "notification-url": "https://packagist.org/downloads/",
            "license": [
                "MIT"
            ],
            "description": "Ultra fast PHP8 implementation of handlebars.js",
            "keywords": [
                "handlebars"
            ],
            "support": {
                "issues": "https://github.com/phpugph/handlebars/issues",
                "source": "https://github.com/phpugph/handlebars/tree/1.0"
            },
            "time": "2021-04-22T08:35:00+00:00"
        },
        {
            "name": "phpugph/storm",
            "version": "1.0.x-dev",
            "source": {
                "type": "git",
                "url": "https://github.com/phpugph/storm.git",
                "reference": "6583ebd11d2b939b5a883fda24ff0b9d4d1f29e6"
            },
            "dist": {
                "type": "zip",
                "url": "https://api.github.com/repos/phpugph/storm/zipball/6583ebd11d2b939b5a883fda24ff0b9d4d1f29e6",
                "reference": "6583ebd11d2b939b5a883fda24ff0b9d4d1f29e6",
                "shasum": ""
            },
            "require": {
                "phpugph/components": "~1.0.0"
            },
            "require-dev": {
                "php-coveralls/php-coveralls": "~2.4.3",
                "phpunit/phpunit": "~9.5.4",
                "squizlabs/php_codesniffer": "~3.5.8"
            },
            "type": "library",
            "autoload": {
                "psr-4": {
                    "Storm\\": "src/"
                }
            },
            "notification-url": "https://packagist.org/downloads/",
            "license": [
                "MIT"
            ],
            "description": "PHP8 SCM SQL Client",
            "keywords": [
                "mysql",
                "orm",
                "postgres",
                "sqlite"
            ],
            "support": {
                "issues": "https://github.com/phpugph/storm/issues",
                "source": "https://github.com/phpugph/storm/tree/1.0"
            },
            "time": "2021-04-29T04:13:31+00:00"
        },
        {
            "name": "robthree/twofactorauth",
            "version": "1.8.0",
            "source": {
                "type": "git",
                "url": "https://github.com/RobThree/TwoFactorAuth.git",
                "reference": "30a38627ae1e7c9399dae67e265063cd6ec5276c"
            },
            "dist": {
                "type": "zip",
                "url": "https://api.github.com/repos/RobThree/TwoFactorAuth/zipball/30a38627ae1e7c9399dae67e265063cd6ec5276c",
                "reference": "30a38627ae1e7c9399dae67e265063cd6ec5276c",
                "shasum": ""
            },
            "require": {
                "php": ">=5.6.0"
            },
            "require-dev": {
                "php-parallel-lint/php-parallel-lint": "^1.2",
                "phpunit/phpunit": "@stable"
            },
            "suggest": {
                "bacon/bacon-qr-code": "Needed for BaconQrCodeProvider provider",
                "endroid/qr-code": "Needed for EndroidQrCodeProvider"
            },
            "type": "library",
            "autoload": {
                "psr-4": {
                    "RobThree\\Auth\\": "lib"
                }
            },
            "notification-url": "https://packagist.org/downloads/",
            "license": [
                "MIT"
            ],
            "authors": [
                {
                    "name": "Rob Janssen",
                    "homepage": "http://robiii.me",
                    "role": "Developer"
                }
            ],
            "description": "Two Factor Authentication",
            "homepage": "https://github.com/RobThree/TwoFactorAuth",
            "keywords": [
                "Authentication",
                "MFA",
                "Multi Factor Authentication",
                "Two Factor Authentication",
                "authenticator",
                "authy",
                "php",
                "tfa"
            ],
            "support": {
                "issues": "https://github.com/RobThree/TwoFactorAuth/issues",
                "source": "https://github.com/RobThree/TwoFactorAuth"
            },
            "funding": [
                {
                    "url": "https://paypal.me/robiii",
                    "type": "custom"
                },
                {
                    "url": "https://github.com/RobThree",
                    "type": "github"
                }
            ],
            "time": "2021-03-09T18:24:05+00:00"
        },
        {
            "name": "swiftmailer/swiftmailer",
            "version": "dev-master",
            "source": {
                "type": "git",
                "url": "https://github.com/swiftmailer/swiftmailer.git",
                "reference": "23e9ffaf6e8c716bce31bde1be708a405b1fbdf9"
            },
            "dist": {
                "type": "zip",
                "url": "https://api.github.com/repos/swiftmailer/swiftmailer/zipball/23e9ffaf6e8c716bce31bde1be708a405b1fbdf9",
                "reference": "23e9ffaf6e8c716bce31bde1be708a405b1fbdf9",
                "shasum": ""
            },
            "require": {
                "egulias/email-validator": "^2.0|^3.1",
                "php": ">=7.0.0",
                "symfony/polyfill-iconv": "^1.0",
                "symfony/polyfill-intl-idn": "^1.10",
                "symfony/polyfill-mbstring": "^1.0"
            },
            "require-dev": {
                "mockery/mockery": "^1.0",
                "symfony/phpunit-bridge": "^4.4|^5.0"
            },
            "suggest": {
                "ext-intl": "Needed to support internationalized email addresses"
            },
            "default-branch": true,
            "type": "library",
            "extra": {
                "branch-alias": {
                    "dev-master": "6.2-dev"
                }
            },
            "autoload": {
                "files": [
                    "lib/swift_required.php"
                ]
            },
            "notification-url": "https://packagist.org/downloads/",
            "license": [
                "MIT"
            ],
            "authors": [
                {
                    "name": "Chris Corbyn"
                },
                {
                    "name": "Fabien Potencier",
                    "email": "fabien@symfony.com"
                }
            ],
            "description": "Swiftmailer, free feature-rich PHP mailer",
            "homepage": "https://swiftmailer.symfony.com",
            "keywords": [
                "email",
                "mail",
                "mailer"
            ],
            "support": {
                "issues": "https://github.com/swiftmailer/swiftmailer/issues",
                "source": "https://github.com/swiftmailer/swiftmailer/tree/master"
            },
            "funding": [
                {
                    "url": "https://github.com/fabpot",
                    "type": "github"
                },
                {
                    "url": "https://tidelift.com/funding/github/packagist/swiftmailer/swiftmailer",
                    "type": "tidelift"
                }
            ],
            "time": "2021-04-10T06:08:01+00:00"
        },
        {
            "name": "symfony/polyfill-iconv",
            "version": "dev-main",
            "source": {
                "type": "git",
                "url": "https://github.com/symfony/polyfill-iconv.git",
                "reference": "adbd54f5a933d3cf1e5ebaff2c1599b7815b98a7"
            },
            "dist": {
                "type": "zip",
                "url": "https://api.github.com/repos/symfony/polyfill-iconv/zipball/adbd54f5a933d3cf1e5ebaff2c1599b7815b98a7",
                "reference": "adbd54f5a933d3cf1e5ebaff2c1599b7815b98a7",
                "shasum": ""
            },
            "require": {
                "php": ">=7.1"
            },
            "suggest": {
                "ext-iconv": "For best performance"
            },
            "default-branch": true,
            "type": "library",
            "extra": {
                "branch-alias": {
                    "dev-main": "1.23-dev"
                },
                "thanks": {
                    "name": "symfony/polyfill",
                    "url": "https://github.com/symfony/polyfill"
                }
            },
            "autoload": {
                "psr-4": {
                    "Symfony\\Polyfill\\Iconv\\": ""
                },
                "files": [
                    "bootstrap.php"
                ]
            },
            "notification-url": "https://packagist.org/downloads/",
            "license": [
                "MIT"
            ],
            "authors": [
                {
                    "name": "Nicolas Grekas",
                    "email": "p@tchwork.com"
                },
                {
                    "name": "Symfony Community",
                    "homepage": "https://symfony.com/contributors"
                }
            ],
            "description": "Symfony polyfill for the Iconv extension",
            "homepage": "https://symfony.com",
            "keywords": [
                "compatibility",
                "iconv",
                "polyfill",
                "portable",
                "shim"
            ],
            "support": {
                "source": "https://github.com/symfony/polyfill-iconv/tree/main"
            },
            "funding": [
                {
                    "url": "https://symfony.com/sponsor",
                    "type": "custom"
                },
                {
                    "url": "https://github.com/fabpot",
                    "type": "github"
                },
                {
                    "url": "https://tidelift.com/funding/github/packagist/symfony/symfony",
                    "type": "tidelift"
                }
            ],
            "time": "2021-02-19T12:13:01+00:00"
        },
        {
            "name": "symfony/polyfill-intl-idn",
            "version": "dev-main",
            "source": {
                "type": "git",
                "url": "https://github.com/symfony/polyfill-intl-idn.git",
                "reference": "780e28060e530479bf1e4a303ccf185e537f8d66"
            },
            "dist": {
                "type": "zip",
                "url": "https://api.github.com/repos/symfony/polyfill-intl-idn/zipball/780e28060e530479bf1e4a303ccf185e537f8d66",
                "reference": "780e28060e530479bf1e4a303ccf185e537f8d66",
                "shasum": ""
            },
            "require": {
                "php": ">=7.1",
                "symfony/polyfill-intl-normalizer": "^1.10",
                "symfony/polyfill-php72": "^1.10"
            },
            "suggest": {
                "ext-intl": "For best performance"
            },
            "default-branch": true,
            "type": "library",
            "extra": {
                "branch-alias": {
                    "dev-main": "1.23-dev"
                },
                "thanks": {
                    "name": "symfony/polyfill",
                    "url": "https://github.com/symfony/polyfill"
                }
            },
            "autoload": {
                "psr-4": {
                    "Symfony\\Polyfill\\Intl\\Idn\\": ""
                },
                "files": [
                    "bootstrap.php"
                ]
            },
            "notification-url": "https://packagist.org/downloads/",
            "license": [
                "MIT"
            ],
            "authors": [
                {
                    "name": "Laurent Bassin",
                    "email": "laurent@bassin.info"
                },
                {
                    "name": "Trevor Rowbotham",
                    "email": "trevor.rowbotham@pm.me"
                },
                {
                    "name": "Symfony Community",
                    "homepage": "https://symfony.com/contributors"
                }
            ],
            "description": "Symfony polyfill for intl's idn_to_ascii and idn_to_utf8 functions",
            "homepage": "https://symfony.com",
            "keywords": [
                "compatibility",
                "idn",
                "intl",
                "polyfill",
                "portable",
                "shim"
            ],
            "support": {
                "source": "https://github.com/symfony/polyfill-intl-idn/tree/main"
            },
            "funding": [
                {
                    "url": "https://symfony.com/sponsor",
                    "type": "custom"
                },
                {
                    "url": "https://github.com/fabpot",
                    "type": "github"
                },
                {
                    "url": "https://tidelift.com/funding/github/packagist/symfony/symfony",
                    "type": "tidelift"
                }
            ],
            "time": "2021-02-19T12:13:01+00:00"
        },
        {
            "name": "symfony/polyfill-intl-normalizer",
            "version": "dev-main",
            "source": {
                "type": "git",
                "url": "https://github.com/symfony/polyfill-intl-normalizer.git",
                "reference": "8590a5f561694770bdcd3f9b5c69dde6945028e8"
            },
            "dist": {
                "type": "zip",
                "url": "https://api.github.com/repos/symfony/polyfill-intl-normalizer/zipball/8590a5f561694770bdcd3f9b5c69dde6945028e8",
                "reference": "8590a5f561694770bdcd3f9b5c69dde6945028e8",
                "shasum": ""
            },
            "require": {
                "php": ">=7.1"
            },
            "suggest": {
                "ext-intl": "For best performance"
            },
            "default-branch": true,
            "type": "library",
            "extra": {
                "branch-alias": {
                    "dev-main": "1.23-dev"
                },
                "thanks": {
                    "name": "symfony/polyfill",
                    "url": "https://github.com/symfony/polyfill"
                }
            },
            "autoload": {
                "psr-4": {
                    "Symfony\\Polyfill\\Intl\\Normalizer\\": ""
                },
                "files": [
                    "bootstrap.php"
                ],
                "classmap": [
                    "Resources/stubs"
                ]
            },
            "notification-url": "https://packagist.org/downloads/",
            "license": [
                "MIT"
            ],
            "authors": [
                {
                    "name": "Nicolas Grekas",
                    "email": "p@tchwork.com"
                },
                {
                    "name": "Symfony Community",
                    "homepage": "https://symfony.com/contributors"
                }
            ],
            "description": "Symfony polyfill for intl's Normalizer class and related functions",
            "homepage": "https://symfony.com",
            "keywords": [
                "compatibility",
                "intl",
                "normalizer",
                "polyfill",
                "portable",
                "shim"
            ],
            "support": {
                "source": "https://github.com/symfony/polyfill-intl-normalizer/tree/main"
            },
            "funding": [
                {
                    "url": "https://symfony.com/sponsor",
                    "type": "custom"
                },
                {
                    "url": "https://github.com/fabpot",
                    "type": "github"
                },
                {
                    "url": "https://tidelift.com/funding/github/packagist/symfony/symfony",
                    "type": "tidelift"
                }
            ],
            "time": "2021-02-19T12:13:01+00:00"
        },
        {
            "name": "symfony/polyfill-mbstring",
            "version": "dev-main",
            "source": {
                "type": "git",
                "url": "https://github.com/symfony/polyfill-mbstring.git",
                "reference": "9ad2f3c9de0273812c616fdf96070a129c3defcb"
            },
            "dist": {
                "type": "zip",
                "url": "https://api.github.com/repos/symfony/polyfill-mbstring/zipball/9ad2f3c9de0273812c616fdf96070a129c3defcb",
                "reference": "9ad2f3c9de0273812c616fdf96070a129c3defcb",
                "shasum": ""
            },
            "require": {
                "php": ">=7.1"
            },
            "suggest": {
                "ext-mbstring": "For best performance"
            },
            "default-branch": true,
            "type": "library",
            "extra": {
                "branch-alias": {
                    "dev-main": "1.23-dev"
                },
                "thanks": {
                    "name": "symfony/polyfill",
                    "url": "https://github.com/symfony/polyfill"
                }
            },
            "autoload": {
                "psr-4": {
                    "Symfony\\Polyfill\\Mbstring\\": ""
                },
                "files": [
                    "bootstrap.php"
                ]
            },
            "notification-url": "https://packagist.org/downloads/",
            "license": [
                "MIT"
            ],
            "authors": [
                {
                    "name": "Nicolas Grekas",
                    "email": "p@tchwork.com"
                },
                {
                    "name": "Symfony Community",
                    "homepage": "https://symfony.com/contributors"
                }
            ],
            "description": "Symfony polyfill for the Mbstring extension",
            "homepage": "https://symfony.com",
            "keywords": [
                "compatibility",
                "mbstring",
                "polyfill",
                "portable",
                "shim"
            ],
            "support": {
                "source": "https://github.com/symfony/polyfill-mbstring/tree/main"
            },
            "funding": [
                {
                    "url": "https://symfony.com/sponsor",
                    "type": "custom"
                },
                {
                    "url": "https://github.com/fabpot",
                    "type": "github"
                },
                {
                    "url": "https://tidelift.com/funding/github/packagist/symfony/symfony",
                    "type": "tidelift"
                }
            ],
            "time": "2021-04-23T08:04:02+00:00"
        },
        {
            "name": "symfony/polyfill-php72",
            "version": "dev-main",
            "source": {
                "type": "git",
                "url": "https://github.com/symfony/polyfill-php72.git",
                "reference": "95695b83b8ecb15450a6cabfc2e352beb17cce6b"
            },
            "dist": {
                "type": "zip",
                "url": "https://api.github.com/repos/symfony/polyfill-php72/zipball/95695b83b8ecb15450a6cabfc2e352beb17cce6b",
                "reference": "95695b83b8ecb15450a6cabfc2e352beb17cce6b",
                "shasum": ""
            },
            "require": {
                "php": ">=7.1"
            },
            "default-branch": true,
            "type": "library",
            "extra": {
                "branch-alias": {
                    "dev-main": "1.23-dev"
                },
                "thanks": {
                    "name": "symfony/polyfill",
                    "url": "https://github.com/symfony/polyfill"
                }
            },
            "autoload": {
                "psr-4": {
                    "Symfony\\Polyfill\\Php72\\": ""
                },
                "files": [
                    "bootstrap.php"
                ]
            },
            "notification-url": "https://packagist.org/downloads/",
            "license": [
                "MIT"
            ],
            "authors": [
                {
                    "name": "Nicolas Grekas",
                    "email": "p@tchwork.com"
                },
                {
                    "name": "Symfony Community",
                    "homepage": "https://symfony.com/contributors"
                }
            ],
            "description": "Symfony polyfill backporting some PHP 7.2+ features to lower PHP versions",
            "homepage": "https://symfony.com",
            "keywords": [
                "compatibility",
                "polyfill",
                "portable",
                "shim"
            ],
            "support": {
                "source": "https://github.com/symfony/polyfill-php72/tree/main"
            },
            "funding": [
                {
                    "url": "https://symfony.com/sponsor",
                    "type": "custom"
                },
                {
                    "url": "https://github.com/fabpot",
                    "type": "github"
                },
                {
                    "url": "https://tidelift.com/funding/github/packagist/symfony/symfony",
                    "type": "tidelift"
                }
            ],
            "time": "2021-02-19T12:13:01+00:00"
        }
    ],
    "packages-dev": [],
    "aliases": [],
    "minimum-stability": "dev",
    "stability-flags": [],
    "prefer-stable": false,
    "prefer-lowest": false,
    "platform": [],
    "platform-dev": [],
    "plugin-api-version": "2.0.0"
}
