# THIS IS AN AUTOGENERATED FILE. DO NOT EDIT THIS FILE DIRECTLY.
# yarn lockfile v1


"@fortawesome/fontawesome-free@^5.14.0":
  version "5.14.0"
  resolved "https://registry.yarnpkg.com/@fortawesome/fontawesome-free/-/fontawesome-free-5.14.0.tgz#a371e91029ebf265015e64f81bfbf7d228c9681f"
  integrity sha512-OfdMsF+ZQgdKHP9jUbmDcRrP0eX90XXrsXIdyjLbkmSBzmMXPABB8eobUJtivaupucYaByz6WNe1PI1JuYm3qA==

ace-editor-builds@^1.2.4:
  version "1.2.4"
  resolved "https://registry.yarnpkg.com/ace-editor-builds/-/ace-editor-builds-1.2.4.tgz#5213874b1b23f9d79ac62d106e32970e2af3727f"
  integrity sha1-UhOHSxsj+deaxi0QbjKXDirzcn8=

bootstrap-markdown-editor-4@^3.0.0:
  version "3.0.0"
  resolved "https://registry.yarnpkg.com/bootstrap-markdown-editor-4/-/bootstrap-markdown-editor-4-3.0.0.tgz#fddcf7b1236cf9fab30e48ada44d7b4136c12d9b"
  integrity sha1-/dz3sSNs+fqzDkitpE17QTbBLZs=

bootstrap@^4.5.0:
  version "4.5.0"
  resolved "https://registry.yarnpkg.com/bootstrap/-/bootstrap-4.5.0.tgz#97d9dbcb5a8972f8722c9962483543b907d9b9ec"
  integrity sha512-Z93QoXvodoVslA+PWNdk23Hze4RBYIkpb5h8I2HY2Tu2h7A0LpAgLcyrhrSUyo2/Oxm2l1fRZPs1e5hnxnliXA==

ckeditor5@^21.0.0:
  version "21.0.0"
  resolved "https://registry.yarnpkg.com/ckeditor5/-/ckeditor5-21.0.0.tgz#d9ca1d299a426c267ed1c24b696033a0ce5e31a9"
  integrity sha512-kRpwtiPKBaGOyLJm5sHlPfH4OM3SGGfXfXvSLFB9O21jjfLZ9kMr5tU9kUBDo7IqblXgE6okLPYVQSWkLTySHw==

doon@^1.0.1:
  version "1.0.1"
  resolved "https://registry.yarnpkg.com/doon/-/doon-1.0.1.tgz#6156e8129d519034eef8ef1d9ed5ecfc9e3b5212"
  integrity sha512-ceT8XK/oMBCecxJFu7HaXu8i165X088pz8H5kz5fgqYGQ4GEHPpq+iTK4uDXxa/fdOoECpx+nBbKxFbcFoTzBA==

flatpickr@^4.6.3:
  version "4.6.3"
  resolved "https://registry.yarnpkg.com/flatpickr/-/flatpickr-4.6.3.tgz#15a8b76b6e34e3a072861250503a5995b9d3bc60"
  integrity sha512-007VucCkqNOMMb9ggRLNuJowwaJcyOh4sKAFcdGfahfGc7JQbf94zSzjdBq/wVyHWUEs5o3+idhFZ0wbZMRmVQ==

fullcalendar@^5.2.0:
  version "5.2.0"
  resolved "https://registry.yarnpkg.com/fullcalendar/-/fullcalendar-5.2.0.tgz#78548cc4536bddf5cb519f75309941ce4d81a8ea"
  integrity sha512-Ln7OOGB5GGHnlp71cjUB1acySZpEHZt2iZdWYx2y6ogcohBVpDdCQJ0mfNUbs1xs8WaHUP40JwFQV/vHbALutA==

google-code-prettify@^1.0.5:
  version "1.0.5"
  resolved "https://registry.yarnpkg.com/google-code-prettify/-/google-code-prettify-1.0.5.tgz#9f477f224dbfa62372e5ef803a7e157410400084"
  integrity sha1-n0d/Ik2/piNy5e+AOn4VdBBAAIQ=

handlebars@^4.7.6:
  version "4.7.6"
  resolved "https://registry.yarnpkg.com/handlebars/-/handlebars-4.7.6.tgz#d4c05c1baf90e9945f77aa68a7a219aa4a7df74e"
  integrity sha512-1f2BACcBfiwAfStCKZNrUCgqNZkGsAT7UM3kkYtXuLo0KnaVfjKOyf7PRzB6++aK9STyT1Pd2ZCPe3EGOXleXA==
  dependencies:
    minimist "^1.2.5"
    neo-async "^2.6.0"
    source-map "^0.6.1"
    wordwrap "^1.0.0"
  optionalDependencies:
    uglify-js "^3.1.4"

inputmask@^5.0.3:
  version "5.0.3"
  resolved "https://registry.yarnpkg.com/inputmask/-/inputmask-5.0.3.tgz#f6758de84b7a67c3c246f520c5f3e2c383b3fd68"
  integrity sha512-v1l5IoJK6NE8TapI2g6n/y1/ksMwyVLkkaIS6VPTkdvpgEITLzDtSi7n9Jpp471hL2DdJlae9HpMnFmTpf5VXA==

intl-tel-input@^17.0.12:
  version "17.0.12"
  resolved "https://registry.yarnpkg.com/intl-tel-input/-/intl-tel-input-17.0.12.tgz#057c35b57871bd6d6932ac28428d086e63d6cc89"
  integrity sha512-jl3DkDQg/aaIPK2hrvtgX2eYgtkz5LxCQW57Ru1Hpdt9MA9VE8PnGUllaMsAm6SeJODHBdMok7XFZR8/M1yytg==

ion-rangeslider@^2.3.1:
  version "2.3.1"
  resolved "https://registry.yarnpkg.com/ion-rangeslider/-/ion-rangeslider-2.3.1.tgz#92ade52cb56fc30b9162d0483ff02b6f9ed237c2"
  integrity sha512-6V+24FD13/feliI485gnRHZYD9Ev64M5NAFTxnVib516ATHa9PlXQrC+nOiPngouRYTCLPJyokAJEi3e1Umi5g==

jquery-knob@^1.2.11:
  version "1.2.11"
  resolved "https://registry.yarnpkg.com/jquery-knob/-/jquery-knob-1.2.11.tgz#f37c39dbc1c7a6a6c12cdb2ed4f6bffb683f10d6"
  integrity sha1-83w528HHpqbBLNsu1Pa/+2g/ENY=

jquery-sortable@^0.9.13:
  version "0.9.13"
  resolved "https://registry.yarnpkg.com/jquery-sortable/-/jquery-sortable-0.9.13.tgz#1cbfb655013a0747370571f06e22f524a00ffba2"
  integrity sha1-HL+2VQE6B0c3BXHwbiL1JKAP+6I=
  dependencies:
    jquery "^2.1.2"

jquery@>=1.12.0, jquery@>=1.9.1, jquery@^3.5.1:
  version "3.5.1"
  resolved "https://registry.yarnpkg.com/jquery/-/jquery-3.5.1.tgz#d7b4d08e1bfdb86ad2f1a3d039ea17304717abb5"
  integrity sha512-XwIBPqcMn57FxfT+Go5pzySnm4KWkT1Tv7gjrpT1srtf8Weynl6R273VJ5GjkRb51IzMp5nbaPjJXMWeju2MKg==

jquery@^2.1.2:
  version "2.2.4"
  resolved "https://registry.yarnpkg.com/jquery/-/jquery-2.2.4.tgz#2c89d6889b5eac522a7eea32c14521559c6cbf02"
  integrity sha1-LInWiJterFIqfuoywUUhVZxsvwI=

jstree@^3.3.10:
  version "3.3.10"
  resolved "https://registry.yarnpkg.com/jstree/-/jstree-3.3.10.tgz#28d5b464a6bd4b5a93ccc2e978d005845596a408"
  integrity sha512-TDhwTy24ZKCVei0gLRxnH5PQuX77nqlG7bhQh+UDTeOxC2xdhDrS1x7YtbjLVlSxmH7USnA/WIeVOGN/m3D0QA==
  dependencies:
    jquery ">=1.9.1"

minimist@^1.2.5:
  version "1.2.5"
  resolved "https://registry.yarnpkg.com/minimist/-/minimist-1.2.5.tgz#67d66014b66a6a8aaa0c083c5fd58df4e4e97602"
  integrity sha512-FM9nNUYrRBAELZQT3xeZQ7fmMOBg6nWNmJKTcgsJeaLstP/UODVpGsr5OhXhhXg6f+qtJ8uiZ+PUxkDWcgIXLw==

moment@^2.27.0:
  version "2.27.0"
  resolved "https://registry.yarnpkg.com/moment/-/moment-2.27.0.tgz#8bff4e3e26a236220dfe3e36de756b6ebaa0105d"
  integrity sha512-al0MUK7cpIcglMv3YF13qSgdAIqxHTO7brRtaz3DlSULbqfazqkc5kEjNrLDOM7fsjshoFIihnU8snrP7zUvhQ==

neo-async@^2.6.0:
  version "2.6.2"
  resolved "https://registry.yarnpkg.com/neo-async/-/neo-async-2.6.2.tgz#b4aafb93e3aeb2d8174ca53cf163ab7d7308305f"
  integrity sha512-Yd3UES5mWCSqR+qNT93S3UoYUkqAZ9lLg8a7g9rimsWmYGK8cVToA4/sF3RrshdyV3sAGMXVUmpMYOw+dLpOuw==

open-sans-fontface@^1.4.0:
  version "1.4.0"
  resolved "https://registry.yarnpkg.com/open-sans-fontface/-/open-sans-fontface-1.4.0.tgz#03cc6d1bf5e6a8b5b47910888562f722c5dd3428"
  integrity sha1-A8xtG/XmqLW0eRCIhWL3IsXdNCg=

papaparse@^5.2.0:
  version "5.2.0"
  resolved "https://registry.yarnpkg.com/papaparse/-/papaparse-5.2.0.tgz#97976a1b135c46612773029153dc64995caa3b7b"
  integrity sha512-ylq1wgUSnagU+MKQtNeVqrPhZuMYBvOSL00DHycFTCxownF95gpLAk1HiHdUW77N8yxRq1qHXLdlIPyBSG9NSA==

select2@^4.0.13:
  version "4.0.13"
  resolved "https://registry.yarnpkg.com/select2/-/select2-4.0.13.tgz#0dbe377df3f96167c4c1626033e924372d8ef44d"
  integrity sha512-1JeB87s6oN/TDxQQYCvS5EFoQyvV6eYMZZ0AeA4tdFDYWN3BAGZ8npr17UBFddU0lgAt3H0yjX3X6/ekOj1yjw==

source-map@^0.6.1:
  version "0.6.1"
  resolved "https://registry.yarnpkg.com/source-map/-/source-map-0.6.1.tgz#74722af32e9614e9c287a8d0bbde48b5e2f1a263"
  integrity sha512-UjgapumWlbMhkBgzT7Ykc5YXUT46F0iKu8SGXq0bcwP5dz/h0Plj6enJqjz1Zbq2l5WaqYnrVbwWOWMyF3F47g==

toastr@^2.1.4:
  version "2.1.4"
  resolved "https://registry.yarnpkg.com/toastr/-/toastr-2.1.4.tgz#8b43be64fb9d0c414871446f2db8e8ca4e95f181"
  integrity sha1-i0O+ZPudDEFIcURvLbjoyk6V8YE=
  dependencies:
    jquery ">=1.12.0"

uglify-js@^3.1.4:
  version "3.10.0"
  resolved "https://registry.yarnpkg.com/uglify-js/-/uglify-js-3.10.0.tgz#397a7e6e31ce820bfd1cb55b804ee140c587a9e7"
  integrity sha512-Esj5HG5WAyrLIdYU74Z3JdG2PxdIusvj6IWHMtlyESxc7kcDz7zYlYjpnSokn1UbpV0d/QX9fan7gkCNd/9BQA==

wordwrap@^1.0.0:
  version "1.0.0"
  resolved "https://registry.yarnpkg.com/wordwrap/-/wordwrap-1.0.0.tgz#27584810891456a4171c8d0226441ade90cbcaeb"
  integrity sha1-J1hIEIkUVqQXHI0CJkQa3pDLyus=

yarn-acquire@^0.0.8:
  version "0.0.8"
  resolved "https://registry.yarnpkg.com/yarn-acquire/-/yarn-acquire-0.0.8.tgz#13294aafb155ad7ec23ba5cdfd2ba4c94a4c8a34"
  integrity sha1-EylKr7FVrX7CO6XN/SukyUpMijQ=

yarn-cropper@^0.0.1:
  version "0.0.1"
  resolved "https://registry.yarnpkg.com/yarn-cropper/-/yarn-cropper-0.0.1.tgz#e9c2fbb303250e9d10d6e34384e46952cd4b9f9d"
  integrity sha1-6cL7swMlDp0Q1uNDhORpUs1Ln50=
